
Microsoft Visual Studio Solution File, Format Version 12.00
# Visual Studio 14
VisualStudioVersion = 14.0.25420.1
MinimumVisualStudioVersion = 10.0.40219.1
Project("{8BB2217D-0F2D-49D1-97BC-3654ED321F3B}") = "Microsoft.Legal.MatterCenter.Repository", "Microsoft.Legal.MatterCenter.Service\Microsoft.Legal.MatterCenter.Repository\Microsoft.Legal.MatterCenter.Repository.xproj", "{636BC580-B03A-4523-B3CA-ECB24596560D}"
EndProject
Project("{8BB2217D-0F2D-49D1-97BC-3654ED321F3B}") = "Microsoft.Legal.MatterCenter.Models", "Microsoft.Legal.MatterCenter.Service\Microsoft.Legal.MatterCenter.Models\Microsoft.Legal.MatterCenter.Models.xproj", "{D1EFE912-64CE-40E6-86F7-01E39CC30893}"
EndProject
Project("{8BB2217D-0F2D-49D1-97BC-3654ED321F3B}") = "Microsoft.Legal.MatterCenter.Utility", "Microsoft.Legal.MatterCenter.Service\Microsoft.Legal.MatterCenter.Utility\Microsoft.Legal.MatterCenter.Utility.xproj", "{C72CAA85-CA6A-4540-AA43-56A4FB2B3EFE}"
EndProject
Project("{2150E333-8FDC-42A3-9474-1A3956D46DE8}") = "Solution Items", "Solution Items", "{86D26D6E-2C06-4E6F-804B-4A4C540591D4}"
	ProjectSection(SolutionItems) = preProject
		global.json = global.json
	EndProjectSection
EndProject
Project("{FAE04EC0-301F-11D3-BF4B-00C04F79EFBC}") = "Microsoft.Legal.MatterCenter_Outlook", "Microsoft.Legal.MatterCenter_Outlook\Microsoft.Legal.MatterCenter_Outlook.csproj", "{0AB1971C-0D57-4CD8-8E5A-1461DA018937}"
EndProject
Project("{8BB2217D-0F2D-49D1-97BC-3654ED321F3B}") = "Microsoft.Legal.MatterCenter.Jobs", "Microsoft.Legal.MatterCenter.Jobs\Microsoft.Legal.MatterCenter.Jobs.xproj", "{B32958BF-D498-4443-BE46-58594CDF29E1}"
EndProject
Project("{8BB2217D-0F2D-49D1-97BC-3654ED321F3B}") = "Microsoft.Legal.MatterCenter.Web", "Microsoft.Legal.MatterCenter.Web\Microsoft.Legal.MatterCenter.Web.xproj", "{B6B6A216-BCFD-43F0-B326-E820EB4FC677}"
EndProject
Project("{151D2E53-A2C4-4D7D-83FE-D05416EBD58E}") = "Deployment", "Deployment\Deployment.deployproj", "{AD4204FD-2F59-4A0C-868A-4A9A3C602DF1}"
EndProject
Project("{FAE04EC0-301F-11D3-BF4B-00C04F79EFBC}") = "Microsoft.Legal.MatterCenter.Jasmine", "Microsoft.Legal.MatterCenter.Jasmine\Microsoft.Legal.MatterCenter.Jasmine.csproj", "{D6F8976C-1DC3-4106-B11E-5104B91DD9D5}"
EndProject
Project("{8BB2217D-0F2D-49D1-97BC-3654ED321F3B}") = "Microsoft.Legal.MatterCenter.ServiceTest", "Microsoft.Legal.MatterCenter.Service\Microsoft.Legal.MatterCenter.ServiceTest\Microsoft.Legal.MatterCenter.ServiceTest.xproj", "{650A5A85-5956-491E-9312-5E25A27D1108}"
EndProject
Project("{FAE04EC0-301F-11D3-BF4B-00C04F79EFBC}") = "Microsoft.Legal.MatterCenter_Office", "Microsoft.Legal.MatterCenter_Office\Microsoft.Legal.MatterCenter_Office.csproj", "{2DC47702-5909-4058-9023-93F99B26E283}"
EndProject
Project("{FAE04EC0-301F-11D3-BF4B-00C04F79EFBC}") = "Microsoft.Legal.MatterCenter.Selenium", "Microsoft.Legal.MatterCenter.Selenium\Microsoft.Legal.MatterCenter.Selenium.csproj", "{B9B09C30-B838-4838-9D28-DE9A28C161E5}"
EndProject
Global
	GlobalSection(SolutionConfigurationPlatforms) = preSolution
		Debug|Any CPU = Debug|Any CPU
		Debug|x64 = Debug|x64
		Debug|x86 = Debug|x86
		Release|Any CPU = Release|Any CPU
		Release|x64 = Release|x64
		Release|x86 = Release|x86
	EndGlobalSection
	GlobalSection(ProjectConfigurationPlatforms) = postSolution
		{636BC580-B03A-4523-B3CA-ECB24596560D}.Debug|Any CPU.ActiveCfg = Debug|Any CPU
		{636BC580-B03A-4523-B3CA-ECB24596560D}.Debug|Any CPU.Build.0 = Debug|Any CPU
		{636BC580-B03A-4523-B3CA-ECB24596560D}.Debug|x64.ActiveCfg = Debug|Any CPU
		{636BC580-B03A-4523-B3CA-ECB24596560D}.Debug|x64.Build.0 = Debug|Any CPU
		{636BC580-B03A-4523-B3CA-ECB24596560D}.Debug|x86.ActiveCfg = Debug|Any CPU
		{636BC580-B03A-4523-B3CA-ECB24596560D}.Debug|x86.Build.0 = Debug|Any CPU
		{636BC580-B03A-4523-B3CA-ECB24596560D}.Release|Any CPU.ActiveCfg = Release|Any CPU
		{636BC580-B03A-4523-B3CA-ECB24596560D}.Release|Any CPU.Build.0 = Release|Any CPU
		{636BC580-B03A-4523-B3CA-ECB24596560D}.Release|x64.ActiveCfg = Release|Any CPU
		{636BC580-B03A-4523-B3CA-ECB24596560D}.Release|x64.Build.0 = Release|Any CPU
		{636BC580-B03A-4523-B3CA-ECB24596560D}.Release|x86.ActiveCfg = Release|Any CPU
		{636BC580-B03A-4523-B3CA-ECB24596560D}.Release|x86.Build.0 = Release|Any CPU
		{D1EFE912-64CE-40E6-86F7-01E39CC30893}.Debug|Any CPU.ActiveCfg = Debug|Any CPU
		{D1EFE912-64CE-40E6-86F7-01E39CC30893}.Debug|Any CPU.Build.0 = Debug|Any CPU
		{D1EFE912-64CE-40E6-86F7-01E39CC30893}.Debug|x64.ActiveCfg = Debug|Any CPU
		{D1EFE912-64CE-40E6-86F7-01E39CC30893}.Debug|x64.Build.0 = Debug|Any CPU
		{D1EFE912-64CE-40E6-86F7-01E39CC30893}.Debug|x86.ActiveCfg = Debug|Any CPU
		{D1EFE912-64CE-40E6-86F7-01E39CC30893}.Debug|x86.Build.0 = Debug|Any CPU
		{D1EFE912-64CE-40E6-86F7-01E39CC30893}.Release|Any CPU.ActiveCfg = Release|Any CPU
		{D1EFE912-64CE-40E6-86F7-01E39CC30893}.Release|Any CPU.Build.0 = Release|Any CPU
		{D1EFE912-64CE-40E6-86F7-01E39CC30893}.Release|x64.ActiveCfg = Release|Any CPU
		{D1EFE912-64CE-40E6-86F7-01E39CC30893}.Release|x64.Build.0 = Release|Any CPU
		{D1EFE912-64CE-40E6-86F7-01E39CC30893}.Release|x86.ActiveCfg = Release|Any CPU
		{D1EFE912-64CE-40E6-86F7-01E39CC30893}.Release|x86.Build.0 = Release|Any CPU
		{C72CAA85-CA6A-4540-AA43-56A4FB2B3EFE}.Debug|Any CPU.ActiveCfg = Debug|Any CPU
		{C72CAA85-CA6A-4540-AA43-56A4FB2B3EFE}.Debug|Any CPU.Build.0 = Debug|Any CPU
		{C72CAA85-CA6A-4540-AA43-56A4FB2B3EFE}.Debug|x64.ActiveCfg = Debug|Any CPU
		{C72CAA85-CA6A-4540-AA43-56A4FB2B3EFE}.Debug|x64.Build.0 = Debug|Any CPU
		{C72CAA85-CA6A-4540-AA43-56A4FB2B3EFE}.Debug|x86.ActiveCfg = Debug|Any CPU
		{C72CAA85-CA6A-4540-AA43-56A4FB2B3EFE}.Debug|x86.Build.0 = Debug|Any CPU
		{C72CAA85-CA6A-4540-AA43-56A4FB2B3EFE}.Release|Any CPU.ActiveCfg = Release|Any CPU
		{C72CAA85-CA6A-4540-AA43-56A4FB2B3EFE}.Release|Any CPU.Build.0 = Release|Any CPU
		{C72CAA85-CA6A-4540-AA43-56A4FB2B3EFE}.Release|x64.ActiveCfg = Release|Any CPU
		{C72CAA85-CA6A-4540-AA43-56A4FB2B3EFE}.Release|x64.Build.0 = Release|Any CPU
		{C72CAA85-CA6A-4540-AA43-56A4FB2B3EFE}.Release|x86.ActiveCfg = Release|Any CPU
		{C72CAA85-CA6A-4540-AA43-56A4FB2B3EFE}.Release|x86.Build.0 = Release|Any CPU
		{0AB1971C-0D57-4CD8-8E5A-1461DA018937}.Debug|Any CPU.ActiveCfg = Debug|Any CPU
		{0AB1971C-0D57-4CD8-8E5A-1461DA018937}.Debug|Any CPU.Deploy.0 = Debug|Any CPU
		{0AB1971C-0D57-4CD8-8E5A-1461DA018937}.Debug|x64.ActiveCfg = Debug|Any CPU
		{0AB1971C-0D57-4CD8-8E5A-1461DA018937}.Debug|x86.ActiveCfg = Debug|Any CPU
		{0AB1971C-0D57-4CD8-8E5A-1461DA018937}.Release|Any CPU.ActiveCfg = Release|Any CPU
		{0AB1971C-0D57-4CD8-8E5A-1461DA018937}.Release|Any CPU.Build.0 = Release|Any CPU
		{0AB1971C-0D57-4CD8-8E5A-1461DA018937}.Release|Any CPU.Deploy.0 = Release|Any CPU
		{0AB1971C-0D57-4CD8-8E5A-1461DA018937}.Release|x64.ActiveCfg = Release|Any CPU
		{0AB1971C-0D57-4CD8-8E5A-1461DA018937}.Release|x86.ActiveCfg = Release|Any CPU
		{B32958BF-D498-4443-BE46-58594CDF29E1}.Debug|Any CPU.ActiveCfg = Debug|Any CPU
		{B32958BF-D498-4443-BE46-58594CDF29E1}.Debug|Any CPU.Build.0 = Debug|Any CPU
		{B32958BF-D498-4443-BE46-58594CDF29E1}.Debug|x64.ActiveCfg = Debug|Any CPU
		{B32958BF-D498-4443-BE46-58594CDF29E1}.Debug|x64.Build.0 = Debug|Any CPU
		{B32958BF-D498-4443-BE46-58594CDF29E1}.Debug|x86.ActiveCfg = Debug|Any CPU
		{B32958BF-D498-4443-BE46-58594CDF29E1}.Debug|x86.Build.0 = Debug|Any CPU
		{B32958BF-D498-4443-BE46-58594CDF29E1}.Release|Any CPU.ActiveCfg = Release|Any CPU
		{B32958BF-D498-4443-BE46-58594CDF29E1}.Release|Any CPU.Build.0 = Release|Any CPU
		{B32958BF-D498-4443-BE46-58594CDF29E1}.Release|x64.ActiveCfg = Release|Any CPU
		{B32958BF-D498-4443-BE46-58594CDF29E1}.Release|x64.Build.0 = Release|Any CPU
		{B32958BF-D498-4443-BE46-58594CDF29E1}.Release|x86.ActiveCfg = Release|Any CPU
		{B32958BF-D498-4443-BE46-58594CDF29E1}.Release|x86.Build.0 = Release|Any CPU
		{B6B6A216-BCFD-43F0-B326-E820EB4FC677}.Debug|Any CPU.ActiveCfg = Debug|Any CPU
		{B6B6A216-BCFD-43F0-B326-E820EB4FC677}.Debug|Any CPU.Build.0 = Debug|Any CPU
		{B6B6A216-BCFD-43F0-B326-E820EB4FC677}.Debug|x64.ActiveCfg = Debug|Any CPU
		{B6B6A216-BCFD-43F0-B326-E820EB4FC677}.Debug|x64.Build.0 = Debug|Any CPU
		{B6B6A216-BCFD-43F0-B326-E820EB4FC677}.Debug|x86.ActiveCfg = Debug|Any CPU
		{B6B6A216-BCFD-43F0-B326-E820EB4FC677}.Debug|x86.Build.0 = Debug|Any CPU
		{B6B6A216-BCFD-43F0-B326-E820EB4FC677}.Release|Any CPU.ActiveCfg = Release|Any CPU
		{B6B6A216-BCFD-43F0-B326-E820EB4FC677}.Release|Any CPU.Build.0 = Release|Any CPU
		{B6B6A216-BCFD-43F0-B326-E820EB4FC677}.Release|x64.ActiveCfg = Release|Any CPU
		{B6B6A216-BCFD-43F0-B326-E820EB4FC677}.Release|x64.Build.0 = Release|Any CPU
		{B6B6A216-BCFD-43F0-B326-E820EB4FC677}.Release|x86.ActiveCfg = Release|Any CPU
		{B6B6A216-BCFD-43F0-B326-E820EB4FC677}.Release|x86.Build.0 = Release|Any CPU
		{AD4204FD-2F59-4A0C-868A-4A9A3C602DF1}.Debug|Any CPU.ActiveCfg = Debug|Any CPU
		{AD4204FD-2F59-4A0C-868A-4A9A3C602DF1}.Debug|Any CPU.Build.0 = Debug|Any CPU
		{AD4204FD-2F59-4A0C-868A-4A9A3C602DF1}.Debug|x64.ActiveCfg = Debug|Any CPU
		{AD4204FD-2F59-4A0C-868A-4A9A3C602DF1}.Debug|x64.Build.0 = Debug|Any CPU
		{AD4204FD-2F59-4A0C-868A-4A9A3C602DF1}.Debug|x86.ActiveCfg = Debug|Any CPU
		{AD4204FD-2F59-4A0C-868A-4A9A3C602DF1}.Debug|x86.Build.0 = Debug|Any CPU
		{AD4204FD-2F59-4A0C-868A-4A9A3C602DF1}.Release|Any CPU.ActiveCfg = Release|Any CPU
		{AD4204FD-2F59-4A0C-868A-4A9A3C602DF1}.Release|Any CPU.Build.0 = Release|Any CPU
		{AD4204FD-2F59-4A0C-868A-4A9A3C602DF1}.Release|x64.ActiveCfg = Release|Any CPU
		{AD4204FD-2F59-4A0C-868A-4A9A3C602DF1}.Release|x64.Build.0 = Release|Any CPU
		{AD4204FD-2F59-4A0C-868A-4A9A3C602DF1}.Release|x86.ActiveCfg = Release|Any CPU
		{AD4204FD-2F59-4A0C-868A-4A9A3C602DF1}.Release|x86.Build.0 = Release|Any CPU
		{D6F8976C-1DC3-4106-B11E-5104B91DD9D5}.Debug|Any CPU.ActiveCfg = Debug|Any CPU
		{D6F8976C-1DC3-4106-B11E-5104B91DD9D5}.Debug|Any CPU.Build.0 = Debug|Any CPU
		{D6F8976C-1DC3-4106-B11E-5104B91DD9D5}.Debug|x64.ActiveCfg = Debug|Any CPU
		{D6F8976C-1DC3-4106-B11E-5104B91DD9D5}.Debug|x64.Build.0 = Debug|Any CPU
		{D6F8976C-1DC3-4106-B11E-5104B91DD9D5}.Debug|x86.ActiveCfg = Debug|Any CPU
		{D6F8976C-1DC3-4106-B11E-5104B91DD9D5}.Debug|x86.Build.0 = Debug|Any CPU
		{D6F8976C-1DC3-4106-B11E-5104B91DD9D5}.Release|Any CPU.ActiveCfg = Release|Any CPU
		{D6F8976C-1DC3-4106-B11E-5104B91DD9D5}.Release|Any CPU.Build.0 = Release|Any CPU
		{D6F8976C-1DC3-4106-B11E-5104B91DD9D5}.Release|x64.ActiveCfg = Release|Any CPU
		{D6F8976C-1DC3-4106-B11E-5104B91DD9D5}.Release|x64.Build.0 = Release|Any CPU
		{D6F8976C-1DC3-4106-B11E-5104B91DD9D5}.Release|x86.ActiveCfg = Release|Any CPU
		{D6F8976C-1DC3-4106-B11E-5104B91DD9D5}.Release|x86.Build.0 = Release|Any CPU
		{650A5A85-5956-491E-9312-5E25A27D1108}.Debug|Any CPU.ActiveCfg = Debug|Any CPU
		{650A5A85-5956-491E-9312-5E25A27D1108}.Debug|Any CPU.Build.0 = Debug|Any CPU
		{650A5A85-5956-491E-9312-5E25A27D1108}.Debug|x64.ActiveCfg = Debug|Any CPU
		{650A5A85-5956-491E-9312-5E25A27D1108}.Debug|x64.Build.0 = Debug|Any CPU
		{650A5A85-5956-491E-9312-5E25A27D1108}.Debug|x86.ActiveCfg = Debug|Any CPU
		{650A5A85-5956-491E-9312-5E25A27D1108}.Debug|x86.Build.0 = Debug|Any CPU
		{650A5A85-5956-491E-9312-5E25A27D1108}.Release|Any CPU.ActiveCfg = Release|Any CPU
		{650A5A85-5956-491E-9312-5E25A27D1108}.Release|Any CPU.Build.0 = Release|Any CPU
		{650A5A85-5956-491E-9312-5E25A27D1108}.Release|x64.ActiveCfg = Release|Any CPU
		{650A5A85-5956-491E-9312-5E25A27D1108}.Release|x64.Build.0 = Release|Any CPU
		{650A5A85-5956-491E-9312-5E25A27D1108}.Release|x86.ActiveCfg = Release|Any CPU
		{650A5A85-5956-491E-9312-5E25A27D1108}.Release|x86.Build.0 = Release|Any CPU
		{2DC47702-5909-4058-9023-93F99B26E283}.Debug|Any CPU.ActiveCfg = Debug|Any CPU
		{2DC47702-5909-4058-9023-93F99B26E283}.Debug|Any CPU.Build.0 = Debug|Any CPU
		{2DC47702-5909-4058-9023-93F99B26E283}.Debug|Any CPU.Deploy.0 = Debug|Any CPU
		{2DC47702-5909-4058-9023-93F99B26E283}.Debug|x64.ActiveCfg = Debug|Any CPU
		{2DC47702-5909-4058-9023-93F99B26E283}.Debug|x64.Build.0 = Debug|Any CPU
		{2DC47702-5909-4058-9023-93F99B26E283}.Debug|x64.Deploy.0 = Debug|Any CPU
		{2DC47702-5909-4058-9023-93F99B26E283}.Debug|x86.ActiveCfg = Debug|Any CPU
		{2DC47702-5909-4058-9023-93F99B26E283}.Debug|x86.Build.0 = Debug|Any CPU
		{2DC47702-5909-4058-9023-93F99B26E283}.Debug|x86.Deploy.0 = Debug|Any CPU
		{2DC47702-5909-4058-9023-93F99B26E283}.Release|Any CPU.ActiveCfg = Release|Any CPU
		{2DC47702-5909-4058-9023-93F99B26E283}.Release|Any CPU.Build.0 = Release|Any CPU
		{2DC47702-5909-4058-9023-93F99B26E283}.Release|Any CPU.Deploy.0 = Release|Any CPU
		{2DC47702-5909-4058-9023-93F99B26E283}.Release|x64.ActiveCfg = Release|Any CPU
		{2DC47702-5909-4058-9023-93F99B26E283}.Release|x64.Build.0 = Release|Any CPU
		{2DC47702-5909-4058-9023-93F99B26E283}.Release|x64.Deploy.0 = Release|Any CPU
		{2DC47702-5909-4058-9023-93F99B26E283}.Release|x86.ActiveCfg = Release|Any CPU
		{2DC47702-5909-4058-9023-93F99B26E283}.Release|x86.Build.0 = Release|Any CPU
		{2DC47702-5909-4058-9023-93F99B26E283}.Release|x86.Deploy.0 = Release|Any CPU
		{B9B09C30-B838-4838-9D28-DE9A28C161E5}.Debug|Any CPU.ActiveCfg = Debug|Any CPU
		{B9B09C30-B838-4838-9D28-DE9A28C161E5}.Debug|Any CPU.Build.0 = Debug|Any CPU
		{B9B09C30-B838-4838-9D28-DE9A28C161E5}.Debug|x64.ActiveCfg = Debug|Any CPU
		{B9B09C30-B838-4838-9D28-DE9A28C161E5}.Debug|x64.Build.0 = Debug|Any CPU
		{B9B09C30-B838-4838-9D28-DE9A28C161E5}.Debug|x86.ActiveCfg = Debug|Any CPU
		{B9B09C30-B838-4838-9D28-DE9A28C161E5}.Debug|x86.Build.0 = Debug|Any CPU
		{B9B09C30-B838-4838-9D28-DE9A28C161E5}.Release|Any CPU.ActiveCfg = Release|Any CPU
		{B9B09C30-B838-4838-9D28-DE9A28C161E5}.Release|Any CPU.Build.0 = Release|Any CPU
		{B9B09C30-B838-4838-9D28-DE9A28C161E5}.Release|x64.ActiveCfg = Release|Any CPU
		{B9B09C30-B838-4838-9D28-DE9A28C161E5}.Release|x64.Build.0 = Release|Any CPU
		{B9B09C30-B838-4838-9D28-DE9A28C161E5}.Release|x86.ActiveCfg = Release|Any CPU
		{B9B09C30-B838-4838-9D28-DE9A28C161E5}.Release|x86.Build.0 = Release|Any CPU
	EndGlobalSection
	GlobalSection(SolutionProperties) = preSolution
		HideSolutionNode = FALSE
	EndGlobalSection
EndGlobal
